
Microsoft Visual Studio Solution File, Format Version 12.00
# Visual Studio 15
VisualStudioVersion = 15.0.27130.2010
MinimumVisualStudioVersion = 10.0.40219.1
Project("{FAE04EC0-301F-11D3-BF4B-00C04F79EFBC}") = "SimpleSoft.Persistence.Model.Abstractions", "SimpleSoft.Persistence.Model.Abstractions\SimpleSoft.Persistence.Model.Abstractions.csproj", "{18D81BC1-60FE-4F45-8DF9-E0EA85699748}"
EndProject
Project("{2150E333-8FDC-42A3-9474-1A3956D46DE8}") = "src", "src", "{9E4C83AE-3E75-40D2-B12B-14AED617747B}"
EndProject
Project("{2150E333-8FDC-42A3-9474-1A3956D46DE8}") = "tools", "tools", "{F5C110BE-211A-4C44-BBD0-FFF4A79A8C55}"
	ProjectSection(SolutionItems) = preProject
		..\Tools\SimpleSoft.Persistence.PublicKey = ..\Tools\SimpleSoft.Persistence.PublicKey
		..\Tools\SimpleSoft.Persistence.snk = ..\Tools\SimpleSoft.Persistence.snk
		..\Tools\UpdateAllVersions.ps1 = ..\Tools\UpdateAllVersions.ps1
	EndProjectSection
EndProject
Global
	GlobalSection(SolutionConfigurationPlatforms) = preSolution
		Debug|Any CPU = Debug|Any CPU
		Release|Any CPU = Release|Any CPU
	EndGlobalSection
	GlobalSection(ProjectConfigurationPlatforms) = postSolution
		{18D81BC1-60FE-4F45-8DF9-E0EA85699748}.Debug|Any CPU.ActiveCfg = Debug|Any CPU
		{18D81BC1-60FE-4F45-8DF9-E0EA85699748}.Debug|Any CPU.Build.0 = Debug|Any CPU
		{18D81BC1-60FE-4F45-8DF9-E0EA85699748}.Release|Any CPU.ActiveCfg = Release|Any CPU
		{18D81BC1-60FE-4F45-8DF9-E0EA85699748}.Release|Any CPU.Build.0 = Release|Any CPU
	EndGlobalSection
	GlobalSection(SolutionProperties) = preSolution
		HideSolutionNode = FALSE
	EndGlobalSection
	GlobalSection(NestedProjects) = preSolution
		{18D81BC1-60FE-4F45-8DF9-E0EA85699748} = {9E4C83AE-3E75-40D2-B12B-14AED617747B}
	EndGlobalSection
	GlobalSection(ExtensibilityGlobals) = postSolution
		SolutionGuid = {727F950F-F442-4CA0-AD87-45DEED0D24AE}
	EndGlobalSection
EndGlobal
